
Microsoft Visual Studio Solution File, Format Version 12.00
# Visual Studio Version 17
VisualStudioVersion = 17.5.33516.290
MinimumVisualStudioVersion = 10.0.40219.1
Project("{FAE04EC0-301F-11D3-BF4B-00C04F79EFBC}") = "MangDaChieuDemo", "MangDaChieuDemo\MangDaChieuDemo.csproj", "{41764B9E-1732-493E-BC6E-D0FEFB9C61E1}"
EndProject
Project("{FAE04EC0-301F-11D3-BF4B-00C04F79EFBC}") = "jaggedArray", "jaggedArray\jaggedArray.csproj", "{112F856B-8018-4082-8841-6F1A056664F3}"
EndProject
Project("{FAE04EC0-301F-11D3-BF4B-00C04F79EFBC}") = "DemoJaggedArray", "DemoJaggedArray\DemoJaggedArray.csproj", "{58609E91-874C-4C8A-ABF3-4F7F4320DF1B}"
EndProject
Project("{FAE04EC0-301F-11D3-BF4B-00C04F79EFBC}") = "Matran44", "Matran44\Matran44.csproj", "{B2E32A43-07C8-480D-94AC-D751DE47027D}"
EndProject
Global
	GlobalSection(SolutionConfigurationPlatforms) = preSolution
		Debug|Any CPU = Debug|Any CPU
		Release|Any CPU = Release|Any CPU
	EndGlobalSection
	GlobalSection(ProjectConfigurationPlatforms) = postSolution
		{41764B9E-1732-493E-BC6E-D0FEFB9C61E1}.Debug|Any CPU.ActiveCfg = Debug|Any CPU
		{41764B9E-1732-493E-BC6E-D0FEFB9C61E1}.Debug|Any CPU.Build.0 = Debug|Any CPU
		{41764B9E-1732-493E-BC6E-D0FEFB9C61E1}.Release|Any CPU.ActiveCfg = Release|Any CPU
		{41764B9E-1732-493E-BC6E-D0FEFB9C61E1}.Release|Any CPU.Build.0 = Release|Any CPU
		{112F856B-8018-4082-8841-6F1A056664F3}.Debug|Any CPU.ActiveCfg = Debug|Any CPU
		{112F856B-8018-4082-8841-6F1A056664F3}.Debug|Any CPU.Build.0 = Debug|Any CPU
		{112F856B-8018-4082-8841-6F1A056664F3}.Release|Any CPU.ActiveCfg = Release|Any CPU
		{112F856B-8018-4082-8841-6F1A056664F3}.Release|Any CPU.Build.0 = Release|Any CPU
		{58609E91-874C-4C8A-ABF3-4F7F4320DF1B}.Debug|Any CPU.ActiveCfg = Debug|Any CPU
		{58609E91-874C-4C8A-ABF3-4F7F4320DF1B}.Debug|Any CPU.Build.0 = Debug|Any CPU
		{58609E91-874C-4C8A-ABF3-4F7F4320DF1B}.Release|Any CPU.ActiveCfg = Release|Any CPU
		{58609E91-874C-4C8A-ABF3-4F7F4320DF1B}.Release|Any CPU.Build.0 = Release|Any CPU
		{B2E32A43-07C8-480D-94AC-D751DE47027D}.Debug|Any CPU.ActiveCfg = Debug|Any CPU
		{B2E32A43-07C8-480D-94AC-D751DE47027D}.Debug|Any CPU.Build.0 = Debug|Any CPU
		{B2E32A43-07C8-480D-94AC-D751DE47027D}.Release|Any CPU.ActiveCfg = Release|Any CPU
		{B2E32A43-07C8-480D-94AC-D751DE47027D}.Release|Any CPU.Build.0 = Release|Any CPU
	EndGlobalSection
	GlobalSection(SolutionProperties) = preSolution
		HideSolutionNode = FALSE
	EndGlobalSection
	GlobalSection(ExtensibilityGlobals) = postSolution
		SolutionGuid = {3F875E7E-289B-4268-AF52-0F713266BB12}
	EndGlobalSection
EndGlobal
